// !$*UTF8*$!
{
	archiveVersion = 1;
	classes = {
	};
	objectVersion = 50;
	objects = {

/* Begin PBXBuildFile section */
		5E6BF794262DFF01003BFEB1 /* AppDelegate.swift in Sources */ = {isa = PBXBuildFile; fileRef = 5E6BF793262DFF01003BFEB1 /* AppDelegate.swift */; };
		5E6BF796262DFF01003BFEB1 /* SceneDelegate.swift in Sources */ = {isa = PBXBuildFile; fileRef = 5E6BF795262DFF01003BFEB1 /* SceneDelegate.swift */; };
		5E6BF798262DFF01003BFEB1 /* ViewController.swift in Sources */ = {isa = PBXBuildFile; fileRef = 5E6BF797262DFF01003BFEB1 /* ViewController.swift */; };
		5E6BF79B262DFF01003BFEB1 /* Main.storyboard in Resources */ = {isa = PBXBuildFile; fileRef = 5E6BF799262DFF01003BFEB1 /* Main.storyboard */; };
		5E6BF79D262DFF02003BFEB1 /* Assets.xcassets in Resources */ = {isa = PBXBuildFile; fileRef = 5E6BF79C262DFF02003BFEB1 /* Assets.xcassets */; };
		5E6BF7A0262DFF02003BFEB1 /* LaunchScreen.storyboard in Resources */ = {isa = PBXBuildFile; fileRef = 5E6BF79E262DFF02003BFEB1 /* LaunchScreen.storyboard */; };
		5E6BF7AB262DFF02003BFEB1 /* TDDCaseStudyTests.swift in Sources */ = {isa = PBXBuildFile; fileRef = 5E6BF7AA262DFF02003BFEB1 /* TDDCaseStudyTests.swift */; };
		5E6BF7B6262DFF02003BFEB1 /* TDDCaseStudyUITests.swift in Sources */ = {isa = PBXBuildFile; fileRef = 5E6BF7B5262DFF02003BFEB1 /* TDDCaseStudyUITests.swift */; };
/* End PBXBuildFile section */

/* Begin PBXContainerItemProxy section */
		5E6BF7A7262DFF02003BFEB1 /* PBXContainerItemProxy */ = {
			isa = PBXContainerItemProxy;
			containerPortal = 5E6BF788262DFF01003BFEB1 /* Project object */;
			proxyType = 1;
			remoteGlobalIDString = 5E6BF78F262DFF01003BFEB1;
			remoteInfo = TDDCaseStudy;
		};
		5E6BF7B2262DFF02003BFEB1 /* PBXContainerItemProxy */ = {
			isa = PBXContainerItemProxy;
			containerPortal = 5E6BF788262DFF01003BFEB1 /* Project object */;
			proxyType = 1;
			remoteGlobalIDString = 5E6BF78F262DFF01003BFEB1;
			remoteInfo = TDDCaseStudy;
		};
/* End PBXContainerItemProxy section */

/* Begin PBXFileReference section */
		5E6BF790262DFF01003BFEB1 /* TDDCaseStudy.app */ = {isa = PBXFileReference; explicitFileType = wrapper.application; includeInIndex = 0; path = TDDCaseStudy.app; sourceTree = BUILT_PRODUCTS_DIR; };
		5E6BF793262DFF01003BFEB1 /* AppDelegate.swift */ = {isa = PBXFileReference; lastKnownFileType = sourcecode.swift; path = AppDelegate.swift; sourceTree = "<group>"; };
		5E6BF795262DFF01003BFEB1 /* SceneDelegate.swift */ = {isa = PBXFileReference; lastKnownFileType = sourcecode.swift; path = SceneDelegate.swift; sourceTree = "<group>"; };
		5E6BF797262DFF01003BFEB1 /* ViewController.swift */ = {isa = PBXFileReference; lastKnownFileType = sourcecode.swift; path = ViewController.swift; sourceTree = "<group>"; };
		5E6BF79A262DFF01003BFEB1 /* Base */ = {isa = PBXFileReference; lastKnownFileType = file.storyboard; name = Base; path = Base.lproj/Main.storyboard; sourceTree = "<group>"; };
		5E6BF79C262DFF02003BFEB1 /* Assets.xcassets */ = {isa = PBXFileReference; lastKnownFileType = folder.assetcatalog; path = Assets.xcassets; sourceTree = "<group>"; };
		5E6BF79F262DFF02003BFEB1 /* Base */ = {isa = PBXFileReference; lastKnownFileType = file.storyboard; name = Base; path = Base.lproj/LaunchScreen.storyboard; sourceTree = "<group>"; };
		5E6BF7A1262DFF02003BFEB1 /* Info.plist */ = {isa = PBXFileReference; lastKnownFileType = text.plist.xml; path = Info.plist; sourceTree = "<group>"; };
		5E6BF7A6262DFF02003BFEB1 /* TDDCaseStudyTests.xctest */ = {isa = PBXFileReference; explicitFileType = wrapper.cfbundle; includeInIndex = 0; path = TDDCaseStudyTests.xctest; sourceTree = BUILT_PRODUCTS_DIR; };
		5E6BF7AA262DFF02003BFEB1 /* TDDCaseStudyTests.swift */ = {isa = PBXFileReference; lastKnownFileType = sourcecode.swift; path = TDDCaseStudyTests.swift; sourceTree = "<group>"; };
		5E6BF7AC262DFF02003BFEB1 /* Info.plist */ = {isa = PBXFileReference; lastKnownFileType = text.plist.xml; path = Info.plist; sourceTree = "<group>"; };
		5E6BF7B1262DFF02003BFEB1 /* TDDCaseStudyUITests.xctest */ = {isa = PBXFileReference; explicitFileType = wrapper.cfbundle; includeInIndex = 0; path = TDDCaseStudyUITests.xctest; sourceTree = BUILT_PRODUCTS_DIR; };
		5E6BF7B5262DFF02003BFEB1 /* TDDCaseStudyUITests.swift */ = {isa = PBXFileReference; lastKnownFileType = sourcecode.swift; path = TDDCaseStudyUITests.swift; sourceTree = "<group>"; };
		5E6BF7B7262DFF02003BFEB1 /* Info.plist */ = {isa = PBXFileReference; lastKnownFileType = text.plist.xml; path = Info.plist; sourceTree = "<group>"; };
/* End PBXFileReference section */

/* Begin PBXFrameworksBuildPhase section */
		5E6BF78D262DFF01003BFEB1 /* Frameworks */ = {
			isa = PBXFrameworksBuildPhase;
			buildActionMask = 2147483647;
			files = (
			);
			runOnlyForDeploymentPostprocessing = 0;
		};
		5E6BF7A3262DFF02003BFEB1 /* Frameworks */ = {
			isa = PBXFrameworksBuildPhase;
			buildActionMask = 2147483647;
			files = (
			);
			runOnlyForDeploymentPostprocessing = 0;
		};
		5E6BF7AE262DFF02003BFEB1 /* Frameworks */ = {
			isa = PBXFrameworksBuildPhase;
			buildActionMask = 2147483647;
			files = (
			);
			runOnlyForDeploymentPostprocessing = 0;
		};
/* End PBXFrameworksBuildPhase section */

/* Begin PBXGroup section */
		5E6BF787262DFF01003BFEB1 = {
			isa = PBXGroup;
			children = (
				5E6BF792262DFF01003BFEB1 /* TDDCaseStudy */,
				5E6BF7A9262DFF02003BFEB1 /* TDDCaseStudyTests */,
				5E6BF7B4262DFF02003BFEB1 /* TDDCaseStudyUITests */,
				5E6BF791262DFF01003BFEB1 /* Products */,
			);
			sourceTree = "<group>";
		};
		5E6BF791262DFF01003BFEB1 /* Products */ = {
			isa = PBXGroup;
			children = (
				5E6BF790262DFF01003BFEB1 /* TDDCaseStudy.app */,
				5E6BF7A6262DFF02003BFEB1 /* TDDCaseStudyTests.xctest */,
				5E6BF7B1262DFF02003BFEB1 /* TDDCaseStudyUITests.xctest */,
			);
			name = Products;
			sourceTree = "<group>";
		};
		5E6BF792262DFF01003BFEB1 /* TDDCaseStudy */ = {
			isa = PBXGroup;
			children = (
				5E6BF793262DFF01003BFEB1 /* AppDelegate.swift */,
				5E6BF795262DFF01003BFEB1 /* SceneDelegate.swift */,
				5E6BF797262DFF01003BFEB1 /* ViewController.swift */,
				5E6BF799262DFF01003BFEB1 /* Main.storyboard */,
				5E6BF79C262DFF02003BFEB1 /* Assets.xcassets */,
				5E6BF79E262DFF02003BFEB1 /* LaunchScreen.storyboard */,
				5E6BF7A1262DFF02003BFEB1 /* Info.plist */,
			);
			path = TDDCaseStudy;
			sourceTree = "<group>";
		};
		5E6BF7A9262DFF02003BFEB1 /* TDDCaseStudyTests */ = {
			isa = PBXGroup;
			children = (
				5E6BF7AA262DFF02003BFEB1 /* TDDCaseStudyTests.swift */,
				5E6BF7AC262DFF02003BFEB1 /* Info.plist */,
			);
			path = TDDCaseStudyTests;
			sourceTree = "<group>";
		};
		5E6BF7B4262DFF02003BFEB1 /* TDDCaseStudyUITests */ = {
			isa = PBXGroup;
			children = (
				5E6BF7B5262DFF02003BFEB1 /* TDDCaseStudyUITests.swift */,
				5E6BF7B7262DFF02003BFEB1 /* Info.plist */,
			);
			path = TDDCaseStudyUITests;
			sourceTree = "<group>";
		};
/* End PBXGroup section */

/* Begin PBXNativeTarget section */
		5E6BF78F262DFF01003BFEB1 /* TDDCaseStudy */ = {
			isa = PBXNativeTarget;
			buildConfigurationList = 5E6BF7BA262DFF02003BFEB1 /* Build configuration list for PBXNativeTarget "TDDCaseStudy" */;
			buildPhases = (
				5E6BF78C262DFF01003BFEB1 /* Sources */,
				5E6BF78D262DFF01003BFEB1 /* Frameworks */,
				5E6BF78E262DFF01003BFEB1 /* Resources */,
			);
			buildRules = (
			);
			dependencies = (
			);
			name = TDDCaseStudy;
			productName = TDDCaseStudy;
			productReference = 5E6BF790262DFF01003BFEB1 /* TDDCaseStudy.app */;
			productType = "com.apple.product-type.application";
		};
		5E6BF7A5262DFF02003BFEB1 /* TDDCaseStudyTests */ = {
			isa = PBXNativeTarget;
			buildConfigurationList = 5E6BF7BD262DFF02003BFEB1 /* Build configuration list for PBXNativeTarget "TDDCaseStudyTests" */;
			buildPhases = (
				5E6BF7A2262DFF02003BFEB1 /* Sources */,
				5E6BF7A3262DFF02003BFEB1 /* Frameworks */,
				5E6BF7A4262DFF02003BFEB1 /* Resources */,
			);
			buildRules = (
			);
			dependencies = (
				5E6BF7A8262DFF02003BFEB1 /* PBXTargetDependency */,
			);
			name = TDDCaseStudyTests;
			productName = TDDCaseStudyTests;
			productReference = 5E6BF7A6262DFF02003BFEB1 /* TDDCaseStudyTests.xctest */;
			productType = "com.apple.product-type.bundle.unit-test";
		};
		5E6BF7B0262DFF02003BFEB1 /* TDDCaseStudyUITests */ = {
			isa = PBXNativeTarget;
			buildConfigurationList = 5E6BF7C0262DFF02003BFEB1 /* Build configuration list for PBXNativeTarget "TDDCaseStudyUITests" */;
			buildPhases = (
				5E6BF7AD262DFF02003BFEB1 /* Sources */,
				5E6BF7AE262DFF02003BFEB1 /* Frameworks */,
				5E6BF7AF262DFF02003BFEB1 /* Resources */,
			);
			buildRules = (
			);
			dependencies = (
				5E6BF7B3262DFF02003BFEB1 /* PBXTargetDependency */,
			);
			name = TDDCaseStudyUITests;
			productName = TDDCaseStudyUITests;
			productReference = 5E6BF7B1262DFF02003BFEB1 /* TDDCaseStudyUITests.xctest */;
			productType = "com.apple.product-type.bundle.ui-testing";
		};
/* End PBXNativeTarget section */

/* Begin PBXProject section */
		5E6BF788262DFF01003BFEB1 /* Project object */ = {
			isa = PBXProject;
			attributes = {
				LastSwiftUpdateCheck = 1240;
				LastUpgradeCheck = 1240;
				TargetAttributes = {
					5E6BF78F262DFF01003BFEB1 = {
						CreatedOnToolsVersion = 12.4;
					};
					5E6BF7A5262DFF02003BFEB1 = {
						CreatedOnToolsVersion = 12.4;
						TestTargetID = 5E6BF78F262DFF01003BFEB1;
					};
					5E6BF7B0262DFF02003BFEB1 = {
						CreatedOnToolsVersion = 12.4;
						TestTargetID = 5E6BF78F262DFF01003BFEB1;
					};
				};
			};
			buildConfigurationList = 5E6BF78B262DFF01003BFEB1 /* Build configuration list for PBXProject "TDDCaseStudy" */;
			compatibilityVersion = "Xcode 9.3";
			developmentRegion = en;
			hasScannedForEncodings = 0;
			knownRegions = (
				en,
				Base,
			);
			mainGroup = 5E6BF787262DFF01003BFEB1;
			productRefGroup = 5E6BF791262DFF01003BFEB1 /* Products */;
			projectDirPath = "";
			projectRoot = "";
			targets = (
				5E6BF78F262DFF01003BFEB1 /* TDDCaseStudy */,
				5E6BF7A5262DFF02003BFEB1 /* TDDCaseStudyTests */,
				5E6BF7B0262DFF02003BFEB1 /* TDDCaseStudyUITests */,
			);
		};
/* End PBXProject section */

/* Begin PBXResourcesBuildPhase section */
		5E6BF78E262DFF01003BFEB1 /* Resources */ = {
			isa = PBXResourcesBuildPhase;
			buildActionMask = 2147483647;
			files = (
				5E6BF7A0262DFF02003BFEB1 /* LaunchScreen.storyboard in Resources */,
				5E6BF79D262DFF02003BFEB1 /* Assets.xcassets in Resources */,
				5E6BF79B262DFF01003BFEB1 /* Main.storyboard in Resources */,
			);
			runOnlyForDeploymentPostprocessing = 0;
		};
		5E6BF7A4262DFF02003BFEB1 /* Resources */ = {
			isa = PBXResourcesBuildPhase;
			buildActionMask = 2147483647;
			files = (
			);
			runOnlyForDeploymentPostprocessing = 0;
		};
		5E6BF7AF262DFF02003BFEB1 /* Resources */ = {
			isa = PBXResourcesBuildPhase;
			buildActionMask = 2147483647;
			files = (
			);
			runOnlyForDeploymentPostprocessing = 0;
		};
/* End PBXResourcesBuildPhase section */

/* Begin PBXSourcesBuildPhase section */
		5E6BF78C262DFF01003BFEB1 /* Sources */ = {
			isa = PBXSourcesBuildPhase;
			buildActionMask = 2147483647;
			files = (
				5E6BF798262DFF01003BFEB1 /* ViewController.swift in Sources */,
				5E6BF794262DFF01003BFEB1 /* AppDelegate.swift in Sources */,
				5E6BF796262DFF01003BFEB1 /* SceneDelegate.swift in Sources */,
			);
			runOnlyForDeploymentPostprocessing = 0;
		};
		5E6BF7A2262DFF02003BFEB1 /* Sources */ = {
			isa = PBXSourcesBuildPhase;
			buildActionMask = 2147483647;
			files = (
				5E6BF7AB262DFF02003BFEB1 /* TDDCaseStudyTests.swift in Sources */,
			);
			runOnlyForDeploymentPostprocessing = 0;
		};
		5E6BF7AD262DFF02003BFEB1 /* Sources */ = {
			isa = PBXSourcesBuildPhase;
			buildActionMask = 2147483647;
			files = (
				5E6BF7B6262DFF02003BFEB1 /* TDDCaseStudyUITests.swift in Sources */,
			);
			runOnlyForDeploymentPostprocessing = 0;
		};
/* End PBXSourcesBuildPhase section */

/* Begin PBXTargetDependency section */
		5E6BF7A8262DFF02003BFEB1 /* PBXTargetDependency */ = {
			isa = PBXTargetDependency;
			target = 5E6BF78F262DFF01003BFEB1 /* TDDCaseStudy */;
			targetProxy = 5E6BF7A7262DFF02003BFEB1 /* PBXContainerItemProxy */;
		};
		5E6BF7B3262DFF02003BFEB1 /* PBXTargetDependency */ = {
			isa = PBXTargetDependency;
			target = 5E6BF78F262DFF01003BFEB1 /* TDDCaseStudy */;
			targetProxy = 5E6BF7B2262DFF02003BFEB1 /* PBXContainerItemProxy */;
		};
/* End PBXTargetDependency section */

/* Begin PBXVariantGroup section */
		5E6BF799262DFF01003BFEB1 /* Main.storyboard */ = {
			isa = PBXVariantGroup;
			children = (
				5E6BF79A262DFF01003BFEB1 /* Base */,
			);
			name = Main.storyboard;
			sourceTree = "<group>";
		};
		5E6BF79E262DFF02003BFEB1 /* LaunchScreen.storyboard */ = {
			isa = PBXVariantGroup;
			children = (
				5E6BF79F262DFF02003BFEB1 /* Base */,
			);
			name = LaunchScreen.storyboard;
			sourceTree = "<group>";
		};
/* End PBXVariantGroup section */

/* Begin XCBuildConfiguration section */
		5E6BF7B8262DFF02003BFEB1 /* Debug */ = {
			isa = XCBuildConfiguration;
			buildSettings = {
				ALWAYS_SEARCH_USER_PATHS = NO;
				CLANG_ANALYZER_NONNULL = YES;
				CLANG_ANALYZER_NUMBER_OBJECT_CONVERSION = YES_AGGRESSIVE;
				CLANG_CXX_LANGUAGE_STANDARD = "gnu++14";
				CLANG_CXX_LIBRARY = "libc++";
				CLANG_ENABLE_MODULES = YES;
				CLANG_ENABLE_OBJC_ARC = YES;
				CLANG_ENABLE_OBJC_WEAK = YES;
				CLANG_WARN_BLOCK_CAPTURE_AUTORELEASING = YES;
				CLANG_WARN_BOOL_CONVERSION = YES;
				CLANG_WARN_COMMA = YES;
				CLANG_WARN_CONSTANT_CONVERSION = YES;
				CLANG_WARN_DEPRECATED_OBJC_IMPLEMENTATIONS = YES;
				CLANG_WARN_DIRECT_OBJC_ISA_USAGE = YES_ERROR;
				CLANG_WARN_DOCUMENTATION_COMMENTS = YES;
				CLANG_WARN_EMPTY_BODY = YES;
				CLANG_WARN_ENUM_CONVERSION = YES;
				CLANG_WARN_INFINITE_RECURSION = YES;
				CLANG_WARN_INT_CONVERSION = YES;
				CLANG_WARN_NON_LITERAL_NULL_CONVERSION = YES;
				CLANG_WARN_OBJC_IMPLICIT_RETAIN_SELF = YES;
				CLANG_WARN_OBJC_LITERAL_CONVERSION = YES;
				CLANG_WARN_OBJC_ROOT_CLASS = YES_ERROR;
				CLANG_WARN_QUOTED_INCLUDE_IN_FRAMEWORK_HEADER = YES;
				CLANG_WARN_RANGE_LOOP_ANALYSIS = YES;
				CLANG_WARN_STRICT_PROTOTYPES = YES;
				CLANG_WARN_SUSPICIOUS_MOVE = YES;
				CLANG_WARN_UNGUARDED_AVAILABILITY = YES_AGGRESSIVE;
				CLANG_WARN_UNREACHABLE_CODE = YES;
				CLANG_WARN__DUPLICATE_METHOD_MATCH = YES;
				COPY_PHASE_STRIP = NO;
				DEBUG_INFORMATION_FORMAT = dwarf;
				ENABLE_STRICT_OBJC_MSGSEND = YES;
				ENABLE_TESTABILITY = YES;
				GCC_C_LANGUAGE_STANDARD = gnu11;
				GCC_DYNAMIC_NO_PIC = NO;
				GCC_NO_COMMON_BLOCKS = YES;
				GCC_OPTIMIZATION_LEVEL = 0;
				GCC_PREPROCESSOR_DEFINITIONS = (
					"DEBUG=1",
					"$(inherited)",
				);
				GCC_WARN_64_TO_32_BIT_CONVERSION = YES;
				GCC_WARN_ABOUT_RETURN_TYPE = YES_ERROR;
				GCC_WARN_UNDECLARED_SELECTOR = YES;
				GCC_WARN_UNINITIALIZED_AUTOS = YES_AGGRESSIVE;
				GCC_WARN_UNUSED_FUNCTION = YES;
				GCC_WARN_UNUSED_VARIABLE = YES;
				IPHONEOS_DEPLOYMENT_TARGET = 14.4;
				MTL_ENABLE_DEBUG_INFO = INCLUDE_SOURCE;
				MTL_FAST_MATH = YES;
				ONLY_ACTIVE_ARCH = YES;
				SDKROOT = iphoneos;
				SWIFT_ACTIVE_COMPILATION_CONDITIONS = DEBUG;
				SWIFT_OPTIMIZATION_LEVEL = "-Onone";
			};
			name = Debug;
		};
		5E6BF7B9262DFF02003BFEB1 /* Release */ = {
			isa = XCBuildConfiguration;
			buildSettings = {
				ALWAYS_SEARCH_USER_PATHS = NO;
				CLANG_ANALYZER_NONNULL = YES;
				CLANG_ANALYZER_NUMBER_OBJECT_CONVERSION = YES_AGGRESSIVE;
				CLANG_CXX_LANGUAGE_STANDARD = "gnu++14";
				CLANG_CXX_LIBRARY = "libc++";
				CLANG_ENABLE_MODULES = YES;
				CLANG_ENABLE_OBJC_ARC = YES;
				CLANG_ENABLE_OBJC_WEAK = YES;
				CLANG_WARN_BLOCK_CAPTURE_AUTORELEASING = YES;
				CLANG_WARN_BOOL_CONVERSION = YES;
				CLANG_WARN_COMMA = YES;
				CLANG_WARN_CONSTANT_CONVERSION = YES;
				CLANG_WARN_DEPRECATED_OBJC_IMPLEMENTATIONS = YES;
				CLANG_WARN_DIRECT_OBJC_ISA_USAGE = YES_ERROR;
				CLANG_WARN_DOCUMENTATION_COMMENTS = YES;
				CLANG_WARN_EMPTY_BODY = YES;
				CLANG_WARN_ENUM_CONVERSION = YES;
				CLANG_WARN_INFINITE_RECURSION = YES;
				CLANG_WARN_INT_CONVERSION = YES;
				CLANG_WARN_NON_LITERAL_NULL_CONVERSION = YES;
				CLANG_WARN_OBJC_IMPLICIT_RETAIN_SELF = YES;
				CLANG_WARN_OBJC_LITERAL_CONVERSION = YES;
				CLANG_WARN_OBJC_ROOT_CLASS = YES_ERROR;
				CLANG_WARN_QUOTED_INCLUDE_IN_FRAMEWORK_HEADER = YES;
				CLANG_WARN_RANGE_LOOP_ANALYSIS = YES;
				CLANG_WARN_STRICT_PROTOTYPES = YES;
				CLANG_WARN_SUSPICIOUS_MOVE = YES;
				CLANG_WARN_UNGUARDED_AVAILABILITY = YES_AGGRESSIVE;
				CLANG_WARN_UNREACHABLE_CODE = YES;
				CLANG_WARN__DUPLICATE_METHOD_MATCH = YES;
				COPY_PHASE_STRIP = NO;
				DEBUG_INFORMATION_FORMAT = "dwarf-with-dsym";
				ENABLE_NS_ASSERTIONS = NO;
				ENABLE_STRICT_OBJC_MSGSEND = YES;
				GCC_C_LANGUAGE_STANDARD = gnu11;
				GCC_NO_COMMON_BLOCKS = YES;
				GCC_WARN_64_TO_32_BIT_CONVERSION = YES;
				GCC_WARN_ABOUT_RETURN_TYPE = YES_ERROR;
				GCC_WARN_UNDECLARED_SELECTOR = YES;
				GCC_WARN_UNINITIALIZED_AUTOS = YES_AGGRESSIVE;
				GCC_WARN_UNUSED_FUNCTION = YES;
				GCC_WARN_UNUSED_VARIABLE = YES;
				IPHONEOS_DEPLOYMENT_TARGET = 14.4;
				MTL_ENABLE_DEBUG_INFO = NO;
				MTL_FAST_MATH = YES;
				SDKROOT = iphoneos;
				SWIFT_COMPILATION_MODE = wholemodule;
				SWIFT_OPTIMIZATION_LEVEL = "-O";
				VALIDATE_PRODUCT = YES;
			};
			name = Release;
		};
		5E6BF7BB262DFF02003BFEB1 /* Debug */ = {
			isa = XCBuildConfiguration;
			buildSettings = {
				ASSETCATALOG_COMPILER_APPICON_NAME = AppIcon;
				ASSETCATALOG_COMPILER_GLOBAL_ACCENT_COLOR_NAME = AccentColor;
				CODE_SIGN_STYLE = Automatic;
				DEVELOPMENT_TEAM = 5KGVXR8S2Q;
				INFOPLIST_FILE = TDDCaseStudy/Info.plist;
				LD_RUNPATH_SEARCH_PATHS = (
					"$(inherited)",
					"@executable_path/Frameworks",
				);
				PRODUCT_BUNDLE_IDENTIFIER = awsalex.com.TDDCaseStudy;
				PRODUCT_NAME = "$(TARGET_NAME)";
				SWIFT_VERSION = 5.0;
				TARGETED_DEVICE_FAMILY = "1,2";
			};
			name = Debug;
		};
		5E6BF7BC262DFF02003BFEB1 /* Release */ = {
			isa = XCBuildConfiguration;
			buildSettings = {
				ASSETCATALOG_COMPILER_APPICON_NAME = AppIcon;
				ASSETCATALOG_COMPILER_GLOBAL_ACCENT_COLOR_NAME = AccentColor;
				CODE_SIGN_STYLE = Automatic;
				DEVELOPMENT_TEAM = 5KGVXR8S2Q;
				INFOPLIST_FILE = TDDCaseStudy/Info.plist;
				LD_RUNPATH_SEARCH_PATHS = (
					"$(inherited)",
					"@executable_path/Frameworks",
				);
				PRODUCT_BUNDLE_IDENTIFIER = awsalex.com.TDDCaseStudy;
				PRODUCT_NAME = "$(TARGET_NAME)";
				SWIFT_VERSION = 5.0;
				TARGETED_DEVICE_FAMILY = "1,2";
			};
			name = Release;
		};
		5E6BF7BE262DFF02003BFEB1 /* Debug */ = {
			isa = XCBuildConfiguration;
			buildSettings = {
				ALWAYS_EMBED_SWIFT_STANDARD_LIBRARIES = YES;
				BUNDLE_LOADER = "$(TEST_HOST)";
				CODE_SIGN_STYLE = Automatic;
				DEVELOPMENT_TEAM = 5KGVXR8S2Q;
				INFOPLIST_FILE = TDDCaseStudyTests/Info.plist;
				IPHONEOS_DEPLOYMENT_TARGET = 14.4;
				LD_RUNPATH_SEARCH_PATHS = (
					"$(inherited)",
					"@executable_path/Frameworks",
					"@loader_path/Frameworks",
				);
				PRODUCT_BUNDLE_IDENTIFIER = awsalex.com.TDDCaseStudyTests;
				PRODUCT_NAME = "$(TARGET_NAME)";
				SWIFT_VERSION = 5.0;
				TARGETED_DEVICE_FAMILY = "1,2";
				TEST_HOST = "$(BUILT_PRODUCTS_DIR)/TDDCaseStudy.app/TDDCaseStudy";
			};
			name = Debug;
		};
		5E6BF7BF262DFF02003BFEB1 /* Release */ = {
			isa = XCBuildConfiguration;
			buildSettings = {
				ALWAYS_EMBED_SWIFT_STANDARD_LIBRARIES = YES;
				BUNDLE_LOADER = "$(TEST_HOST)";
				CODE_SIGN_STYLE = Automatic;
				DEVELOPMENT_TEAM = 5KGVXR8S2Q;
				INFOPLIST_FILE = TDDCaseStudyTests/Info.plist;
				IPHONEOS_DEPLOYMENT_TARGET = 14.4;
				LD_RUNPATH_SEARCH_PATHS = (
					"$(inherited)",
					"@executable_path/Frameworks",
					"@loader_path/Frameworks",
				);
				PRODUCT_BUNDLE_IDENTIFIER = awsalex.com.TDDCaseStudyTests;
				PRODUCT_NAME = "$(TARGET_NAME)";
				SWIFT_VERSION = 5.0;
				TARGETED_DEVICE_FAMILY = "1,2";
				TEST_HOST = "$(BUILT_PRODUCTS_DIR)/TDDCaseStudy.app/TDDCaseStudy";
			};
			name = Release;
		};
		5E6BF7C1262DFF02003BFEB1 /* Debug */ = {
			isa = XCBuildConfiguration;
			buildSettings = {
				ALWAYS_EMBED_SWIFT_STANDARD_LIBRARIES = YES;
				CODE_SIGN_STYLE = Automatic;
				DEVELOPMENT_TEAM = 5KGVXR8S2Q;
				INFOPLIST_FILE = TDDCaseStudyUITests/Info.plist;
				LD_RUNPATH_SEARCH_PATHS = (
					"$(inherited)",
					"@executable_path/Frameworks",
					"@loader_path/Frameworks",
				);
				PRODUCT_BUNDLE_IDENTIFIER = awsalex.com.TDDCaseStudyUITests;
				PRODUCT_NAME = "$(TARGET_NAME)";
				SWIFT_VERSION = 5.0;
				TARGETED_DEVICE_FAMILY = "1,2";
				TEST_TARGET_NAME = TDDCaseStudy;
			};
			name = Debug;
		};
		5E6BF7C2262DFF02003BFEB1 /* Release */ = {
			isa = XCBuildConfiguration;
			buildSettings = {
				ALWAYS_EMBED_SWIFT_STANDARD_LIBRARIES = YES;
				CODE_SIGN_STYLE = Automatic;
				DEVELOPMENT_TEAM = 5KGVXR8S2Q;
				INFOPLIST_FILE = TDDCaseStudyUITests/Info.plist;
				LD_RUNPATH_SEARCH_PATHS = (
					"$(inherited)",
					"@executable_path/Frameworks",
					"@loader_path/Frameworks",
				);
				PRODUCT_BUNDLE_IDENTIFIER = awsalex.com.TDDCaseStudyUITests;
				PRODUCT_NAME = "$(TARGET_NAME)";
				SWIFT_VERSION = 5.0;
				TARGETED_DEVICE_FAMILY = "1,2";
				TEST_TARGET_NAME = TDDCaseStudy;
			};
			name = Release;
		};
/* End XCBuildConfiguration section */

/* Begin XCConfigurationList section */
		5E6BF78B262DFF01003BFEB1 /* Build configuration list for PBXProject "TDDCaseStudy" */ = {
			isa = XCConfigurationList;
			buildConfigurations = (
				5E6BF7B8262DFF02003BFEB1 /* Debug */,
				5E6BF7B9262DFF02003BFEB1 /* Release */,
			);
			defaultConfigurationIsVisible = 0;
			defaultConfigurationName = Release;
		};
		5E6BF7BA262DFF02003BFEB1 /* Build configuration list for PBXNativeTarget "TDDCaseStudy" */ = {
			isa = XCConfigurationList;
			buildConfigurations = (
				5E6BF7BB262DFF02003BFEB1 /* Debug */,
				5E6BF7BC262DFF02003BFEB1 /* Release */,
			);
			defaultConfigurationIsVisible = 0;
			defaultConfigurationName = Release;
		};
		5E6BF7BD262DFF02003BFEB1 /* Build configuration list for PBXNativeTarget "TDDCaseStudyTests" */ = {
			isa = XCConfigurationList;
			buildConfigurations = (
				5E6BF7BE262DFF02003BFEB1 /* Debug */,
				5E6BF7BF262DFF02003BFEB1 /* Release */,
			);
			defaultConfigurationIsVisible = 0;
			defaultConfigurationName = Release;
		};
		5E6BF7C0262DFF02003BFEB1 /* Build configuration list for PBXNativeTarget "TDDCaseStudyUITests" */ = {
			isa = XCConfigurationList;
			buildConfigurations = (
				5E6BF7C1262DFF02003BFEB1 /* Debug */,
				5E6BF7C2262DFF02003BFEB1 /* Release */,
			);
			defaultConfigurationIsVisible = 0;
			defaultConfigurationName = Release;
		};
/* End XCConfigurationList section */
	};
	rootObject = 5E6BF788262DFF01003BFEB1 /* Project object */;
}
